{
  "name": "mehonline-reducers",
  "version": "0.0.1",
  "lockfileVersion": 1,
  "requires": true,
  "dependencies": {
    "@types/node": {
      "version": "9.6.35",
      "resolved": "https://registry.npmjs.org/@types/node/-/node-9.6.35.tgz",
      "integrity": "sha512-h5zvHS8wXHGa+Gcqs9K8vqCgOtqjr0+NqG/DDJmQIX1wpR9HivAfgV8bjcD3mGM4bPfQw5Aneb2Pn8355L83jA==",
      "dev": true
    },
    "typescript": {
      "version": "2.9.2",
      "resolved": "https://registry.npmjs.org/typescript/-/typescript-2.9.2.tgz",
      "integrity": "sha512-Gr4p6nFNaoufRIY4NMdpQRNmgxVIGMs4Fcu/ujdYk3nAZqk7supzBE9idmvfZIlH/Cuj//dvi+019qEue9lV0w==",
      "dev": true
    }
  }
}
